<?xml version="1.0" encoding="utf-8"?>
<Project ToolsVersion="4.0" xmlns="http://schemas.microsoft.com/developer/msbuild/2003">
  <ItemGroup>
    <Filter Include="logger">
      <UniqueIdentifier>{4507DF0B-31A9-09E2-1A64-1D3606A59032}</UniqueIdentifier>
    </Filter>
    <Filter Include="threadpool">
      <UniqueIdentifier>{B797A5DA-A34F-E727-0C57-C083F82D8218}</UniqueIdentifier>
    </Filter>
    <Filter Include="time">
      <UniqueIdentifier>{94789E7C-80AF-9F0D-299C-851015B21B0F}</UniqueIdentifier>
    </Filter>
  </ItemGroup>
  <ItemGroup>
    <ClInclude Include="src\Application.h" />
    <ClInclude Include="src\Core.h" />
    <ClInclude Include="src\EntryPoint.h" />
    <ClInclude Include="src\Pch.h" />
    <ClInclude Include="src\UnnamedEngine.h" />
    <ClInclude Include="src\logger\Logger.h">
      <Filter>logger</Filter>
    </ClInclude>
    <ClInclude Include="src\threadpool\ThreadPool.h">
      <Filter>threadpool</Filter>
    </ClInclude>
    <ClInclude Include="src\time\TimeManager.h">
      <Filter>time</Filter>
    </ClInclude>
  </ItemGroup>
  <ItemGroup>
    <ClCompile Include="src\Application.cpp" />
    <ClCompile Include="src\Pch.cpp" />
  </ItemGroup>
</Project>